<?xml version="1.0" encoding="utf-8"?>
<Project ToolsVersion="4.0" xmlns="http://schemas.microsoft.com/developer/msbuild/2003">
  <ItemGroup>
    <Filter Include="Source Files">
      <UniqueIdentifier>{4FC737F1-C7A5-4376-A066-2A32D752A2FF}</UniqueIdentifier>
      <Extensions>cpp;c;cc;cxx;c++;cppm;ixx;def;odl;idl;hpj;bat;asm;asmx</Extensions>
    </Filter>
    <Filter Include="Header Files">
      <UniqueIdentifier>{93995380-89BD-4b04-88EB-625FBE52EBFB}</UniqueIdentifier>
      <Extensions>h;hh;hpp;hxx;h++;hm;inl;inc;ipp;xsd</Extensions>
    </Filter>
    <Filter Include="Resource Files">
      <UniqueIdentifier>{67DA6AB6-F800-4c08-8B7A-83BB121AAD01}</UniqueIdentifier>
      <Extensions>rc;ico;cur;bmp;dlg;rc2;rct;bin;rgs;gif;jpg;jpeg;jpe;resx;tiff;tif;png;wav;mfcribbon-ms</Extensions>
    </Filter>
  </ItemGroup>
  <ItemGroup>
    <ClCompile Include="main.cpp">
      <Filter>Source Files</Filter>
    </ClCompile>
    <ClCompile Include="Texture2D.cpp">
      <Filter>Source Files</Filter>
    </ClCompile>
    <ClCompile Include="Game_Screen.cpp">
      <Filter>Source Files</Filter>
    </ClCompile>
    <ClCompile Include="Game_Screen_Level1.cpp">
      <Filter>Source Files</Filter>
    </ClCompile>
    <ClCompile Include="GameSceneManager.cpp">
      <Filter>Source Files</Filter>
    </ClCompile>
    <ClCompile Include="Game_Object.cpp">
      <Filter>Source Files</Filter>
    </ClCompile>
    <ClCompile Include="Character.cpp">
      <Filter>Source Files</Filter>
    </ClCompile>
    <ClCompile Include="Collision.cpp">
      <Filter>Source Files</Filter>
    </ClCompile>
    <ClCompile Include="Main_Menu.cpp">
      <Filter>Source Files</Filter>
    </ClCompile>
    <ClCompile Include="Game_Screen_Level2.cpp">
      <Filter>Source Files</Filter>
    </ClCompile>
    <ClCompile Include="Game_Screen_Level3.cpp">
      <Filter>Source Files</Filter>
    </ClCompile>
    <ClCompile Include="Game_Screen_Win.cpp">
      <Filter>Source Files</Filter>
    </ClCompile>
    <ClCompile Include="Game_Screen_Lose.cpp">
      <Filter>Source Files</Filter>
    </ClCompile>
    <ClCompile Include="Box.cpp">
      <Filter>Source Files</Filter>
    </ClCompile>
    <ClCompile Include="HealthPickUp.cpp">
      <Filter>Source Files</Filter>
    </ClCompile>
    <ClCompile Include="BulletPickUp.cpp">
      <Filter>Source Files</Filter>
    </ClCompile>
    <ClCompile Include="Bullet.cpp">
      <Filter>Source Files</Filter>
    </ClCompile>
    <ClCompile Include="GameText.cpp">
      <Filter>Source Files</Filter>
    </ClCompile>
    <ClCompile Include="Melee_Enemy.cpp">
      <Filter>Source Files</Filter>
    </ClCompile>
    <ClCompile Include="Ranged_Enemy.cpp">
      <Filter>Source Files</Filter>
    </ClCompile>
    <ClCompile Include="Boss_Enemy.cpp">
      <Filter>Source Files</Filter>
    </ClCompile>
    <ClCompile Include="robotGuard.cpp">
      <Filter>Source Files</Filter>
    </ClCompile>
  </ItemGroup>
  <ItemGroup>
    <None Include="packages.config" />
  </ItemGroup>
  <ItemGroup>
    <ClInclude Include="constants.h">
      <Filter>Header Files</Filter>
    </ClInclude>
    <ClInclude Include="Commons.h">
      <Filter>Header Files</Filter>
    </ClInclude>
    <ClInclude Include="Texture2D.h">
      <Filter>Header Files</Filter>
    </ClInclude>
    <ClInclude Include="Game_Screen.h">
      <Filter>Header Files</Filter>
    </ClInclude>
    <ClInclude Include="Game_Screen_Level1.h">
      <Filter>Header Files</Filter>
    </ClInclude>
    <ClInclude Include="GameSceneManager.h">
      <Filter>Header Files</Filter>
    </ClInclude>
    <ClInclude Include="Game_Object.h">
      <Filter>Header Files</Filter>
    </ClInclude>
    <ClInclude Include="Character.h">
      <Filter>Header Files</Filter>
    </ClInclude>
    <ClInclude Include="Collision.h">
      <Filter>Header Files</Filter>
    </ClInclude>
    <ClInclude Include="Main_Menu.h">
      <Filter>Header Files</Filter>
    </ClInclude>
    <ClInclude Include="Game_Screen_Level2.h">
      <Filter>Header Files</Filter>
    </ClInclude>
    <ClInclude Include="Game_Screen_Level3.h">
      <Filter>Header Files</Filter>
    </ClInclude>
    <ClInclude Include="Game_Screen_Win.h">
      <Filter>Header Files</Filter>
    </ClInclude>
    <ClInclude Include="Game_Screen_Lose.h">
      <Filter>Header Files</Filter>
    </ClInclude>
    <ClInclude Include="Box.h">
      <Filter>Header Files</Filter>
    </ClInclude>
    <ClInclude Include="HealthPickUp.h">
      <Filter>Header Files</Filter>
    </ClInclude>
    <ClInclude Include="BulletPickUp.h">
      <Filter>Header Files</Filter>
    </ClInclude>
    <ClInclude Include="Bullet.h">
      <Filter>Header Files</Filter>
    </ClInclude>
    <ClInclude Include="GameText.h">
      <Filter>Header Files</Filter>
    </ClInclude>
    <ClInclude Include="Melee_Enemy.h">
      <Filter>Header Files</Filter>
    </ClInclude>
    <ClInclude Include="Ranged_Enemy.h">
      <Filter>Header Files</Filter>
    </ClInclude>
    <ClInclude Include="Boss_Enemy.h">
      <Filter>Header Files</Filter>
    </ClInclude>
    <ClInclude Include="robotGuard.h">
      <Filter>Header Files</Filter>
    </ClInclude>
  </ItemGroup>
</Project>